
Microsoft Visual Studio Solution File, Format Version 12.00
# Visual Studio Version 16
VisualStudioVersion = 16.0.30804.86
MinimumVisualStudioVersion = 10.0.40219.1
Project("{FAE04EC0-301F-11D3-BF4B-00C04F79EFBC}") = "AdapterPattern", "AdapterPattern\AdapterPattern.csproj", "{A3ECA296-C1E3-43C0-974C-27B7539F7E14}"
EndProject
Global
	GlobalSection(SolutionConfigurationPlatforms) = preSolution
		Debug|Any CPU = Debug|Any CPU
		Release|Any CPU = Release|Any CPU
	EndGlobalSection
	GlobalSection(ProjectConfigurationPlatforms) = postSolution
		{A3ECA296-C1E3-43C0-974C-27B7539F7E14}.Debug|Any CPU.ActiveCfg = Debug|Any CPU
		{A3ECA296-C1E3-43C0-974C-27B7539F7E14}.Debug|Any CPU.Build.0 = Debug|Any CPU
		{A3ECA296-C1E3-43C0-974C-27B7539F7E14}.Release|Any CPU.ActiveCfg = Release|Any CPU
		{A3ECA296-C1E3-43C0-974C-27B7539F7E14}.Release|Any CPU.Build.0 = Release|Any CPU
	EndGlobalSection
	GlobalSection(SolutionProperties) = preSolution
		HideSolutionNode = FALSE
	EndGlobalSection
	GlobalSection(ExtensibilityGlobals) = postSolution
		SolutionGuid = {C9A2822E-035C-4417-946F-9C814D80EDC0}
	EndGlobalSection
EndGlobal
